
Microsoft Visual Studio Solution File, Format Version 12.00
# Visual Studio Version 16
VisualStudioVersion = 16.0.28917.181
MinimumVisualStudioVersion = 10.0.40219.1
Project("{FAE04EC0-301F-11D3-BF4B-00C04F79EFBC}") = "IEnumerableEX", "IEnumerable\IEnumerableEX.csproj", "{BE275453-286E-4D4E-8CA8-E4863E378C74}"
EndProject
Global
	GlobalSection(SolutionConfigurationPlatforms) = preSolution
		Debug|Any CPU = Debug|Any CPU
		Release|Any CPU = Release|Any CPU
	EndGlobalSection
	GlobalSection(ProjectConfigurationPlatforms) = postSolution
		{BE275453-286E-4D4E-8CA8-E4863E378C74}.Debug|Any CPU.ActiveCfg = Debug|Any CPU
		{BE275453-286E-4D4E-8CA8-E4863E378C74}.Debug|Any CPU.Build.0 = Debug|Any CPU
		{BE275453-286E-4D4E-8CA8-E4863E378C74}.Release|Any CPU.ActiveCfg = Release|Any CPU
		{BE275453-286E-4D4E-8CA8-E4863E378C74}.Release|Any CPU.Build.0 = Release|Any CPU
	EndGlobalSection
	GlobalSection(SolutionProperties) = preSolution
		HideSolutionNode = FALSE
	EndGlobalSection
	GlobalSection(ExtensibilityGlobals) = postSolution
		SolutionGuid = {7F3FC3C6-F8EC-4E68-989D-4E8D412328B7}
	EndGlobalSection
EndGlobal
